
Microsoft Visual Studio Solution File, Format Version 12.00
# Visual Studio Version 17
VisualStudioVersion = 17.0.31903.59
MinimumVisualStudioVersion = 10.0.40219.1
Project("{FAE04EC0-301F-11D3-BF4B-00C04F79EFBC}") = "DungeonHub.Data", "App\DungeonHub.Data\DungeonHub.Data.csproj", "{BC0EED56-1DB7-464F-9C3C-2E64A8FE780C}"
EndProject
Project("{FAE04EC0-301F-11D3-BF4B-00C04F79EFBC}") = "DungeonHub.Client", "Client\DungeonHub.Client\DungeonHub.Client.csproj", "{32A28221-ACA9-4244-AAE4-34174CFC2CA8}"
EndProject
Project("{FAE04EC0-301F-11D3-BF4B-00C04F79EFBC}") = "DungeonHub.Data.Test", "Test\DungeonHub.Data.Test\DungeonHub.Data.Test.csproj", "{CCECEA63-8587-4D12-AE02-492031E633F2}"
EndProject
Project("{FAE04EC0-301F-11D3-BF4B-00C04F79EFBC}") = "TestHelpers", "Test\TestHelpers\TestHelpers.csproj", "{5FA39767-21E3-4AA9-A834-5800A0CA8409}"
EndProject
Project("{2150E333-8FDC-42A3-9474-1A3956D46DE8}") = "App", "App", "{4D4149EA-8CDD-4CCD-98B5-644C0BEDFA0F}"
EndProject
Project("{2150E333-8FDC-42A3-9474-1A3956D46DE8}") = "Client", "Client", "{DA47709E-E131-45C2-BEBE-EC98DA09E999}"
EndProject
Project("{2150E333-8FDC-42A3-9474-1A3956D46DE8}") = "Test", "Test", "{358DE4DB-A16C-4577-80E4-575D764962F9}"
EndProject
Global
	GlobalSection(SolutionConfigurationPlatforms) = preSolution
		Debug|Any CPU = Debug|Any CPU
		Release|Any CPU = Release|Any CPU
	EndGlobalSection
	GlobalSection(SolutionProperties) = preSolution
		HideSolutionNode = FALSE
	EndGlobalSection
	GlobalSection(ProjectConfigurationPlatforms) = postSolution
		{CE3A0FD4-6327-46CB-9AF8-774D47E1322F}.Debug|Any CPU.ActiveCfg = Debug|Any CPU
		{CE3A0FD4-6327-46CB-9AF8-774D47E1322F}.Debug|Any CPU.Build.0 = Debug|Any CPU
		{CE3A0FD4-6327-46CB-9AF8-774D47E1322F}.Release|Any CPU.ActiveCfg = Release|Any CPU
		{CE3A0FD4-6327-46CB-9AF8-774D47E1322F}.Release|Any CPU.Build.0 = Release|Any CPU
		{46E58A4B-0C2E-4300-AEF0-768FD3B69DDF}.Debug|Any CPU.ActiveCfg = Debug|Any CPU
		{46E58A4B-0C2E-4300-AEF0-768FD3B69DDF}.Debug|Any CPU.Build.0 = Debug|Any CPU
		{46E58A4B-0C2E-4300-AEF0-768FD3B69DDF}.Release|Any CPU.ActiveCfg = Release|Any CPU
		{46E58A4B-0C2E-4300-AEF0-768FD3B69DDF}.Release|Any CPU.Build.0 = Release|Any CPU
		{E10A672D-0654-4F2B-B02B-2060D0F434F1}.Debug|Any CPU.ActiveCfg = Debug|Any CPU
		{E10A672D-0654-4F2B-B02B-2060D0F434F1}.Debug|Any CPU.Build.0 = Debug|Any CPU
		{E10A672D-0654-4F2B-B02B-2060D0F434F1}.Release|Any CPU.ActiveCfg = Release|Any CPU
		{E10A672D-0654-4F2B-B02B-2060D0F434F1}.Release|Any CPU.Build.0 = Release|Any CPU
		{E40EAE9B-01F5-4C5F-B3E8-EB3CDBA7A6CE}.Debug|Any CPU.ActiveCfg = Debug|Any CPU
		{E40EAE9B-01F5-4C5F-B3E8-EB3CDBA7A6CE}.Debug|Any CPU.Build.0 = Debug|Any CPU
		{E40EAE9B-01F5-4C5F-B3E8-EB3CDBA7A6CE}.Release|Any CPU.ActiveCfg = Release|Any CPU
		{E40EAE9B-01F5-4C5F-B3E8-EB3CDBA7A6CE}.Release|Any CPU.Build.0 = Release|Any CPU
		{BC0EED56-1DB7-464F-9C3C-2E64A8FE780C}.Debug|Any CPU.ActiveCfg = Debug|Any CPU
		{BC0EED56-1DB7-464F-9C3C-2E64A8FE780C}.Debug|Any CPU.Build.0 = Debug|Any CPU
		{BC0EED56-1DB7-464F-9C3C-2E64A8FE780C}.Release|Any CPU.ActiveCfg = Release|Any CPU
		{BC0EED56-1DB7-464F-9C3C-2E64A8FE780C}.Release|Any CPU.Build.0 = Release|Any CPU
		{32A28221-ACA9-4244-AAE4-34174CFC2CA8}.Debug|Any CPU.ActiveCfg = Debug|Any CPU
		{32A28221-ACA9-4244-AAE4-34174CFC2CA8}.Debug|Any CPU.Build.0 = Debug|Any CPU
		{32A28221-ACA9-4244-AAE4-34174CFC2CA8}.Release|Any CPU.ActiveCfg = Release|Any CPU
		{32A28221-ACA9-4244-AAE4-34174CFC2CA8}.Release|Any CPU.Build.0 = Release|Any CPU
		{CCECEA63-8587-4D12-AE02-492031E633F2}.Debug|Any CPU.ActiveCfg = Debug|Any CPU
		{CCECEA63-8587-4D12-AE02-492031E633F2}.Debug|Any CPU.Build.0 = Debug|Any CPU
		{CCECEA63-8587-4D12-AE02-492031E633F2}.Release|Any CPU.ActiveCfg = Release|Any CPU
		{CCECEA63-8587-4D12-AE02-492031E633F2}.Release|Any CPU.Build.0 = Release|Any CPU
		{5FA39767-21E3-4AA9-A834-5800A0CA8409}.Debug|Any CPU.ActiveCfg = Debug|Any CPU
		{5FA39767-21E3-4AA9-A834-5800A0CA8409}.Debug|Any CPU.Build.0 = Debug|Any CPU
		{5FA39767-21E3-4AA9-A834-5800A0CA8409}.Release|Any CPU.ActiveCfg = Release|Any CPU
		{5FA39767-21E3-4AA9-A834-5800A0CA8409}.Release|Any CPU.Build.0 = Release|Any CPU
	EndGlobalSection
	GlobalSection(NestedProjects) = preSolution
		{BC0EED56-1DB7-464F-9C3C-2E64A8FE780C} = {4D4149EA-8CDD-4CCD-98B5-644C0BEDFA0F}
		{32A28221-ACA9-4244-AAE4-34174CFC2CA8} = {DA47709E-E131-45C2-BEBE-EC98DA09E999}
		{CCECEA63-8587-4D12-AE02-492031E633F2} = {358DE4DB-A16C-4577-80E4-575D764962F9}
		{5FA39767-21E3-4AA9-A834-5800A0CA8409} = {358DE4DB-A16C-4577-80E4-575D764962F9}
	EndGlobalSection
EndGlobal
